
Microsoft Visual Studio Solution File, Format Version 12.00
# Visual Studio Version 16
VisualStudioVersion = 16.0.30517.126
MinimumVisualStudioVersion = 10.0.40219.1
Project("{FAE04EC0-301F-11D3-BF4B-00C04F79EFBC}") = "True.Test", "True.Test\True.Test.csproj", "{EF54C85F-ED35-4C43-BE76-4FE1AED08029}"
EndProject
Global
	GlobalSection(SolutionConfigurationPlatforms) = preSolution
		Debug|Any CPU = Debug|Any CPU
		Release|Any CPU = Release|Any CPU
	EndGlobalSection
	GlobalSection(ProjectConfigurationPlatforms) = postSolution
		{EF54C85F-ED35-4C43-BE76-4FE1AED08029}.Debug|Any CPU.ActiveCfg = Debug|Any CPU
		{EF54C85F-ED35-4C43-BE76-4FE1AED08029}.Debug|Any CPU.Build.0 = Debug|Any CPU
		{EF54C85F-ED35-4C43-BE76-4FE1AED08029}.Release|Any CPU.ActiveCfg = Release|Any CPU
		{EF54C85F-ED35-4C43-BE76-4FE1AED08029}.Release|Any CPU.Build.0 = Release|Any CPU
	EndGlobalSection
	GlobalSection(SolutionProperties) = preSolution
		HideSolutionNode = FALSE
	EndGlobalSection
	GlobalSection(ExtensibilityGlobals) = postSolution
		SolutionGuid = {78F882E7-0066-46DE-AB1A-0FACCB264CD3}
	EndGlobalSection
EndGlobal
